
Microsoft Visual Studio Solution File, Format Version 12.00
# Visual Studio Version 17
VisualStudioVersion = 17.14.36327.8
MinimumVisualStudioVersion = 10.0.40219.1
Project("{FAE04EC0-301F-11D3-BF4B-00C04F79EFBC}") = "SportField.WebAPI", "Backend\SportField.WebAPI\SportField.WebAPI.csproj", "{FBA5DD99-EBC6-43C0-9884-A58CF0F0EF35}"
EndProject
Project("{2150E333-8FDC-42A3-9474-1A3956D46DE8}") = "Backend", "Backend", "{02EA681E-C7D8-13C7-8484-4AC65E1B71E8}"
EndProject
Project("{2150E333-8FDC-42A3-9474-1A3956D46DE8}") = "Frontend", "Frontend", "{6EFA2391-E92E-4A79-A112-C24939F9F162}"
EndProject
Project("{2150E333-8FDC-42A3-9474-1A3956D46DE8}") = "Tests", "Tests", "{BF05939B-791A-42A5-89A6-C57874DE2617}"
EndProject
Project("{FAE04EC0-301F-11D3-BF4B-00C04F79EFBC}") = "SportField.BookingManagement", "Backend\SportField.BookingManagement\SportField.BookingManagement.csproj", "{FC043FD6-EE6E-456A-A849-2EA54874B75B}"
EndProject
Project("{FAE04EC0-301F-11D3-BF4B-00C04F79EFBC}") = "SportField.FieldManagement", "Backend\SportField.FieldManagement\SportField.FieldManagement.csproj", "{C856D1B4-0ADC-4FA1-B87E-AB04D64D667D}"
EndProject
Project("{FAE04EC0-301F-11D3-BF4B-00C04F79EFBC}") = "SportField.Identity", "Backend\SportField.Identity\SportField.Identity.csproj", "{786B81E9-F194-4D86-8834-739F68A0D0F3}"
EndProject
Project("{FAE04EC0-301F-11D3-BF4B-00C04F79EFBC}") = "SportField.ActivityEventManagement", "Backend\SportField.ActivityEventManagement\SportField.ActivityEventManagement.csproj", "{C2990B13-ED5E-4516-A71B-61577965B1D9}"
EndProject
Project("{FAE04EC0-301F-11D3-BF4B-00C04F79EFBC}") = "SportField.TrainingManagement", "Backend\SportField.TrainingManagement\SportField.TrainingManagement.csproj", "{01B01120-4EC1-423B-BBA9-EE474AF6D499}"
EndProject
Project("{FAE04EC0-301F-11D3-BF4B-00C04F79EFBC}") = "SportField.FileService", "Backend\SportField.FileService\SportField.FileService.csproj", "{987D52A2-B315-40C3-BE4F-E84668373E69}"
EndProject
Project("{FAE04EC0-301F-11D3-BF4B-00C04F79EFBC}") = "SportField.NotificationService", "Backend\SportField.NotificationService\SportField.NotificationService.csproj", "{70433E50-74D1-4D00-ADB1-FE44A6A2CE05}"
EndProject
Project("{FAE04EC0-301F-11D3-BF4B-00C04F79EFBC}") = "SportField.PaymentService", "Backend\SportField.PaymentService\SportField.PaymentService.csproj", "{3BC77396-A626-4825-BD3C-67D5C0DC8835}"
EndProject
Project("{FAE04EC0-301F-11D3-BF4B-00C04F79EFBC}") = "SportField.LocationService", "Backend\SportField.LocationService\SportField.LocationService.csproj", "{7BAC2433-4E2E-4429-8ADC-1056A0E5FF83}"
EndProject
Project("{2150E333-8FDC-42A3-9474-1A3956D46DE8}") = "Modules", "Modules", "{19603338-F5BD-40F7-8F23-6F08735C4BC3}"
EndProject
Project("{2150E333-8FDC-42A3-9474-1A3956D46DE8}") = "Services", "Services", "{F28B82A7-1F10-4D0C-A9C0-B6569EFAFB8C}"
EndProject
Project("{2150E333-8FDC-42A3-9474-1A3956D46DE8}") = "Shared", "Shared", "{BFE12F60-4F7E-45E4-9097-AA3238E1368E}"
EndProject
Project("{FAE04EC0-301F-11D3-BF4B-00C04F79EFBC}") = "SportField.SharedKernel", "Backend\SportField.SharedKernel\SportField.SharedKernel.csproj", "{C538B651-89A1-4FD5-A94A-D3D6AEA2C09D}"
EndProject
Project("{FAE04EC0-301F-11D3-BF4B-00C04F79EFBC}") = "SportField.SharedContracts", "Backend\SportField.SharedContracts\SportField.SharedContracts.csproj", "{519746F3-6509-4F94-9C02-3D5DC5B283A7}"
EndProject
Project("{FAE04EC0-301F-11D3-BF4B-00C04F79EFBC}") = "SportField.CalendarService", "Backend\SportField.CalendarService\SportField.CalendarService.csproj", "{3FC6373D-DCB2-49F5-B588-A39786D5DBA5}"
EndProject
Global
	GlobalSection(SolutionConfigurationPlatforms) = preSolution
		Debug|Any CPU = Debug|Any CPU
		Release|Any CPU = Release|Any CPU
	EndGlobalSection
	GlobalSection(ProjectConfigurationPlatforms) = postSolution
		{FBA5DD99-EBC6-43C0-9884-A58CF0F0EF35}.Debug|Any CPU.ActiveCfg = Debug|Any CPU
		{FBA5DD99-EBC6-43C0-9884-A58CF0F0EF35}.Debug|Any CPU.Build.0 = Debug|Any CPU
		{FBA5DD99-EBC6-43C0-9884-A58CF0F0EF35}.Release|Any CPU.ActiveCfg = Release|Any CPU
		{FBA5DD99-EBC6-43C0-9884-A58CF0F0EF35}.Release|Any CPU.Build.0 = Release|Any CPU
		{FC043FD6-EE6E-456A-A849-2EA54874B75B}.Debug|Any CPU.ActiveCfg = Debug|Any CPU
		{FC043FD6-EE6E-456A-A849-2EA54874B75B}.Debug|Any CPU.Build.0 = Debug|Any CPU
		{FC043FD6-EE6E-456A-A849-2EA54874B75B}.Release|Any CPU.ActiveCfg = Release|Any CPU
		{FC043FD6-EE6E-456A-A849-2EA54874B75B}.Release|Any CPU.Build.0 = Release|Any CPU
		{C856D1B4-0ADC-4FA1-B87E-AB04D64D667D}.Debug|Any CPU.ActiveCfg = Debug|Any CPU
		{C856D1B4-0ADC-4FA1-B87E-AB04D64D667D}.Debug|Any CPU.Build.0 = Debug|Any CPU
		{C856D1B4-0ADC-4FA1-B87E-AB04D64D667D}.Release|Any CPU.ActiveCfg = Release|Any CPU
		{C856D1B4-0ADC-4FA1-B87E-AB04D64D667D}.Release|Any CPU.Build.0 = Release|Any CPU
		{786B81E9-F194-4D86-8834-739F68A0D0F3}.Debug|Any CPU.ActiveCfg = Debug|Any CPU
		{786B81E9-F194-4D86-8834-739F68A0D0F3}.Debug|Any CPU.Build.0 = Debug|Any CPU
		{786B81E9-F194-4D86-8834-739F68A0D0F3}.Release|Any CPU.ActiveCfg = Release|Any CPU
		{786B81E9-F194-4D86-8834-739F68A0D0F3}.Release|Any CPU.Build.0 = Release|Any CPU
		{C2990B13-ED5E-4516-A71B-61577965B1D9}.Debug|Any CPU.ActiveCfg = Debug|Any CPU
		{C2990B13-ED5E-4516-A71B-61577965B1D9}.Debug|Any CPU.Build.0 = Debug|Any CPU
		{C2990B13-ED5E-4516-A71B-61577965B1D9}.Release|Any CPU.ActiveCfg = Release|Any CPU
		{C2990B13-ED5E-4516-A71B-61577965B1D9}.Release|Any CPU.Build.0 = Release|Any CPU
		{01B01120-4EC1-423B-BBA9-EE474AF6D499}.Debug|Any CPU.ActiveCfg = Debug|Any CPU
		{01B01120-4EC1-423B-BBA9-EE474AF6D499}.Debug|Any CPU.Build.0 = Debug|Any CPU
		{01B01120-4EC1-423B-BBA9-EE474AF6D499}.Release|Any CPU.ActiveCfg = Release|Any CPU
		{01B01120-4EC1-423B-BBA9-EE474AF6D499}.Release|Any CPU.Build.0 = Release|Any CPU
		{987D52A2-B315-40C3-BE4F-E84668373E69}.Debug|Any CPU.ActiveCfg = Debug|Any CPU
		{987D52A2-B315-40C3-BE4F-E84668373E69}.Debug|Any CPU.Build.0 = Debug|Any CPU
		{987D52A2-B315-40C3-BE4F-E84668373E69}.Release|Any CPU.ActiveCfg = Release|Any CPU
		{987D52A2-B315-40C3-BE4F-E84668373E69}.Release|Any CPU.Build.0 = Release|Any CPU
		{70433E50-74D1-4D00-ADB1-FE44A6A2CE05}.Debug|Any CPU.ActiveCfg = Debug|Any CPU
		{70433E50-74D1-4D00-ADB1-FE44A6A2CE05}.Debug|Any CPU.Build.0 = Debug|Any CPU
		{70433E50-74D1-4D00-ADB1-FE44A6A2CE05}.Release|Any CPU.ActiveCfg = Release|Any CPU
		{70433E50-74D1-4D00-ADB1-FE44A6A2CE05}.Release|Any CPU.Build.0 = Release|Any CPU
		{3BC77396-A626-4825-BD3C-67D5C0DC8835}.Debug|Any CPU.ActiveCfg = Debug|Any CPU
		{3BC77396-A626-4825-BD3C-67D5C0DC8835}.Debug|Any CPU.Build.0 = Debug|Any CPU
		{3BC77396-A626-4825-BD3C-67D5C0DC8835}.Release|Any CPU.ActiveCfg = Release|Any CPU
		{3BC77396-A626-4825-BD3C-67D5C0DC8835}.Release|Any CPU.Build.0 = Release|Any CPU
		{7BAC2433-4E2E-4429-8ADC-1056A0E5FF83}.Debug|Any CPU.ActiveCfg = Debug|Any CPU
		{7BAC2433-4E2E-4429-8ADC-1056A0E5FF83}.Debug|Any CPU.Build.0 = Debug|Any CPU
		{7BAC2433-4E2E-4429-8ADC-1056A0E5FF83}.Release|Any CPU.ActiveCfg = Release|Any CPU
		{7BAC2433-4E2E-4429-8ADC-1056A0E5FF83}.Release|Any CPU.Build.0 = Release|Any CPU
		{C538B651-89A1-4FD5-A94A-D3D6AEA2C09D}.Debug|Any CPU.ActiveCfg = Debug|Any CPU
		{C538B651-89A1-4FD5-A94A-D3D6AEA2C09D}.Debug|Any CPU.Build.0 = Debug|Any CPU
		{C538B651-89A1-4FD5-A94A-D3D6AEA2C09D}.Release|Any CPU.ActiveCfg = Release|Any CPU
		{C538B651-89A1-4FD5-A94A-D3D6AEA2C09D}.Release|Any CPU.Build.0 = Release|Any CPU
		{519746F3-6509-4F94-9C02-3D5DC5B283A7}.Debug|Any CPU.ActiveCfg = Debug|Any CPU
		{519746F3-6509-4F94-9C02-3D5DC5B283A7}.Debug|Any CPU.Build.0 = Debug|Any CPU
		{519746F3-6509-4F94-9C02-3D5DC5B283A7}.Release|Any CPU.ActiveCfg = Release|Any CPU
		{519746F3-6509-4F94-9C02-3D5DC5B283A7}.Release|Any CPU.Build.0 = Release|Any CPU
		{3FC6373D-DCB2-49F5-B588-A39786D5DBA5}.Debug|Any CPU.ActiveCfg = Debug|Any CPU
		{3FC6373D-DCB2-49F5-B588-A39786D5DBA5}.Debug|Any CPU.Build.0 = Debug|Any CPU
		{3FC6373D-DCB2-49F5-B588-A39786D5DBA5}.Release|Any CPU.ActiveCfg = Release|Any CPU
		{3FC6373D-DCB2-49F5-B588-A39786D5DBA5}.Release|Any CPU.Build.0 = Release|Any CPU
	EndGlobalSection
	GlobalSection(SolutionProperties) = preSolution
		HideSolutionNode = FALSE
	EndGlobalSection
	GlobalSection(NestedProjects) = preSolution
		{FBA5DD99-EBC6-43C0-9884-A58CF0F0EF35} = {02EA681E-C7D8-13C7-8484-4AC65E1B71E8}
		{BF05939B-791A-42A5-89A6-C57874DE2617} = {02EA681E-C7D8-13C7-8484-4AC65E1B71E8}
		{FC043FD6-EE6E-456A-A849-2EA54874B75B} = {19603338-F5BD-40F7-8F23-6F08735C4BC3}
		{C856D1B4-0ADC-4FA1-B87E-AB04D64D667D} = {19603338-F5BD-40F7-8F23-6F08735C4BC3}
		{786B81E9-F194-4D86-8834-739F68A0D0F3} = {19603338-F5BD-40F7-8F23-6F08735C4BC3}
		{C2990B13-ED5E-4516-A71B-61577965B1D9} = {19603338-F5BD-40F7-8F23-6F08735C4BC3}
		{01B01120-4EC1-423B-BBA9-EE474AF6D499} = {19603338-F5BD-40F7-8F23-6F08735C4BC3}
		{987D52A2-B315-40C3-BE4F-E84668373E69} = {F28B82A7-1F10-4D0C-A9C0-B6569EFAFB8C}
		{70433E50-74D1-4D00-ADB1-FE44A6A2CE05} = {F28B82A7-1F10-4D0C-A9C0-B6569EFAFB8C}
		{3BC77396-A626-4825-BD3C-67D5C0DC8835} = {F28B82A7-1F10-4D0C-A9C0-B6569EFAFB8C}
		{7BAC2433-4E2E-4429-8ADC-1056A0E5FF83} = {F28B82A7-1F10-4D0C-A9C0-B6569EFAFB8C}
		{19603338-F5BD-40F7-8F23-6F08735C4BC3} = {02EA681E-C7D8-13C7-8484-4AC65E1B71E8}
		{F28B82A7-1F10-4D0C-A9C0-B6569EFAFB8C} = {02EA681E-C7D8-13C7-8484-4AC65E1B71E8}
		{BFE12F60-4F7E-45E4-9097-AA3238E1368E} = {02EA681E-C7D8-13C7-8484-4AC65E1B71E8}
		{C538B651-89A1-4FD5-A94A-D3D6AEA2C09D} = {BFE12F60-4F7E-45E4-9097-AA3238E1368E}
		{519746F3-6509-4F94-9C02-3D5DC5B283A7} = {BFE12F60-4F7E-45E4-9097-AA3238E1368E}
		{3FC6373D-DCB2-49F5-B588-A39786D5DBA5} = {F28B82A7-1F10-4D0C-A9C0-B6569EFAFB8C}
	EndGlobalSection
	GlobalSection(ExtensibilityGlobals) = postSolution
		SolutionGuid = {83FE1614-D6AF-473E-9EAB-1ACF16A9EDF2}
	EndGlobalSection
EndGlobal
